
Microsoft Visual Studio Solution File, Format Version 12.00
# Visual Studio Version 17
VisualStudioVersion = 17.14.36414.22
MinimumVisualStudioVersion = 10.0.40219.1
Project("{FAE04EC0-301F-11D3-BF4B-00C04F79EFBC}") = "Weather Forecaster", "Weather Forecaster\Weather Forecaster.csproj", "{CB5C7565-7678-4C41-98A5-D4B5C9F40961}"
EndProject
Project("{FAE04EC0-301F-11D3-BF4B-00C04F79EFBC}") = "Utilities", "..\Utilities\Utilities.csproj", "{969D9655-EA58-47BF-A682-20AC53B51C47}"
EndProject
Project("{FAE04EC0-301F-11D3-BF4B-00C04F79EFBC}") = "Utilities.Tests", "..\Utilities.Tests\Utilities.Tests.csproj", "{649DD916-FE32-4E0B-A789-95CBFE265278}"
EndProject
Project("{FAE04EC0-301F-11D3-BF4B-00C04F79EFBC}") = "Weather Forecaster.Tests", "Weather Forecaster.Tests\Weather Forecaster.Tests.csproj", "{7504B17E-CF6A-4D34-B63C-F682CFCBB481}"
EndProject
Global
	GlobalSection(SolutionConfigurationPlatforms) = preSolution
		Debug|Any CPU = Debug|Any CPU
		Debug|x64 = Debug|x64
		Debug|x86 = Debug|x86
		Release|Any CPU = Release|Any CPU
		Release|x64 = Release|x64
		Release|x86 = Release|x86
	EndGlobalSection
	GlobalSection(ProjectConfigurationPlatforms) = postSolution
		{CB5C7565-7678-4C41-98A5-D4B5C9F40961}.Debug|Any CPU.ActiveCfg = Debug|Any CPU
		{CB5C7565-7678-4C41-98A5-D4B5C9F40961}.Debug|Any CPU.Build.0 = Debug|Any CPU
		{CB5C7565-7678-4C41-98A5-D4B5C9F40961}.Debug|x64.ActiveCfg = Debug|Any CPU
		{CB5C7565-7678-4C41-98A5-D4B5C9F40961}.Debug|x64.Build.0 = Debug|Any CPU
		{CB5C7565-7678-4C41-98A5-D4B5C9F40961}.Debug|x86.ActiveCfg = Debug|Any CPU
		{CB5C7565-7678-4C41-98A5-D4B5C9F40961}.Debug|x86.Build.0 = Debug|Any CPU
		{CB5C7565-7678-4C41-98A5-D4B5C9F40961}.Release|Any CPU.ActiveCfg = Release|Any CPU
		{CB5C7565-7678-4C41-98A5-D4B5C9F40961}.Release|Any CPU.Build.0 = Release|Any CPU
		{CB5C7565-7678-4C41-98A5-D4B5C9F40961}.Release|x64.ActiveCfg = Release|Any CPU
		{CB5C7565-7678-4C41-98A5-D4B5C9F40961}.Release|x64.Build.0 = Release|Any CPU
		{CB5C7565-7678-4C41-98A5-D4B5C9F40961}.Release|x86.ActiveCfg = Release|Any CPU
		{CB5C7565-7678-4C41-98A5-D4B5C9F40961}.Release|x86.Build.0 = Release|Any CPU
		{969D9655-EA58-47BF-A682-20AC53B51C47}.Debug|Any CPU.ActiveCfg = Debug|Any CPU
		{969D9655-EA58-47BF-A682-20AC53B51C47}.Debug|Any CPU.Build.0 = Debug|Any CPU
		{969D9655-EA58-47BF-A682-20AC53B51C47}.Debug|x64.ActiveCfg = Debug|Any CPU
		{969D9655-EA58-47BF-A682-20AC53B51C47}.Debug|x64.Build.0 = Debug|Any CPU
		{969D9655-EA58-47BF-A682-20AC53B51C47}.Debug|x86.ActiveCfg = Debug|Any CPU
		{969D9655-EA58-47BF-A682-20AC53B51C47}.Debug|x86.Build.0 = Debug|Any CPU
		{969D9655-EA58-47BF-A682-20AC53B51C47}.Release|Any CPU.ActiveCfg = Release|Any CPU
		{969D9655-EA58-47BF-A682-20AC53B51C47}.Release|Any CPU.Build.0 = Release|Any CPU
		{969D9655-EA58-47BF-A682-20AC53B51C47}.Release|x64.ActiveCfg = Release|Any CPU
		{969D9655-EA58-47BF-A682-20AC53B51C47}.Release|x64.Build.0 = Release|Any CPU
		{969D9655-EA58-47BF-A682-20AC53B51C47}.Release|x86.ActiveCfg = Release|Any CPU
		{969D9655-EA58-47BF-A682-20AC53B51C47}.Release|x86.Build.0 = Release|Any CPU
		{649DD916-FE32-4E0B-A789-95CBFE265278}.Debug|Any CPU.ActiveCfg = Debug|Any CPU
		{649DD916-FE32-4E0B-A789-95CBFE265278}.Debug|Any CPU.Build.0 = Debug|Any CPU
		{649DD916-FE32-4E0B-A789-95CBFE265278}.Debug|x64.ActiveCfg = Debug|Any CPU
		{649DD916-FE32-4E0B-A789-95CBFE265278}.Debug|x64.Build.0 = Debug|Any CPU
		{649DD916-FE32-4E0B-A789-95CBFE265278}.Debug|x86.ActiveCfg = Debug|Any CPU
		{649DD916-FE32-4E0B-A789-95CBFE265278}.Debug|x86.Build.0 = Debug|Any CPU
		{649DD916-FE32-4E0B-A789-95CBFE265278}.Release|Any CPU.ActiveCfg = Release|Any CPU
		{649DD916-FE32-4E0B-A789-95CBFE265278}.Release|Any CPU.Build.0 = Release|Any CPU
		{649DD916-FE32-4E0B-A789-95CBFE265278}.Release|x64.ActiveCfg = Release|Any CPU
		{649DD916-FE32-4E0B-A789-95CBFE265278}.Release|x64.Build.0 = Release|Any CPU
		{649DD916-FE32-4E0B-A789-95CBFE265278}.Release|x86.ActiveCfg = Release|Any CPU
		{649DD916-FE32-4E0B-A789-95CBFE265278}.Release|x86.Build.0 = Release|Any CPU
		{7504B17E-CF6A-4D34-B63C-F682CFCBB481}.Debug|Any CPU.ActiveCfg = Debug|Any CPU
		{7504B17E-CF6A-4D34-B63C-F682CFCBB481}.Debug|Any CPU.Build.0 = Debug|Any CPU
		{7504B17E-CF6A-4D34-B63C-F682CFCBB481}.Debug|x64.ActiveCfg = Debug|Any CPU
		{7504B17E-CF6A-4D34-B63C-F682CFCBB481}.Debug|x64.Build.0 = Debug|Any CPU
		{7504B17E-CF6A-4D34-B63C-F682CFCBB481}.Debug|x86.ActiveCfg = Debug|Any CPU
		{7504B17E-CF6A-4D34-B63C-F682CFCBB481}.Debug|x86.Build.0 = Debug|Any CPU
		{7504B17E-CF6A-4D34-B63C-F682CFCBB481}.Release|Any CPU.ActiveCfg = Release|Any CPU
		{7504B17E-CF6A-4D34-B63C-F682CFCBB481}.Release|Any CPU.Build.0 = Release|Any CPU
		{7504B17E-CF6A-4D34-B63C-F682CFCBB481}.Release|x64.ActiveCfg = Release|Any CPU
		{7504B17E-CF6A-4D34-B63C-F682CFCBB481}.Release|x64.Build.0 = Release|Any CPU
		{7504B17E-CF6A-4D34-B63C-F682CFCBB481}.Release|x86.ActiveCfg = Release|Any CPU
		{7504B17E-CF6A-4D34-B63C-F682CFCBB481}.Release|x86.Build.0 = Release|Any CPU
	EndGlobalSection
	GlobalSection(SolutionProperties) = preSolution
		HideSolutionNode = FALSE
	EndGlobalSection
	GlobalSection(ExtensibilityGlobals) = postSolution
		SolutionGuid = {7D57FAFA-FDC6-437F-B897-C2E9A7433E06}
	EndGlobalSection
EndGlobal
